// !$*UTF8*$!
{
	archiveVersion = 1;
	classes = {
	};
	objectVersion = 50;
	objects = {

/* Begin PBXBuildFile section */
		C606F97C20946A02006DEDF8 /* AppDelegate.swift in Sources */ = {isa = PBXBuildFile; fileRef = C606F97B20946A02006DEDF8 /* AppDelegate.swift */; };
		C606F98120946A02006DEDF8 /* Main.storyboard in Resources */ = {isa = PBXBuildFile; fileRef = C606F97F20946A02006DEDF8 /* Main.storyboard */; };
		C606F98320946A0C006DEDF8 /* Assets.xcassets in Resources */ = {isa = PBXBuildFile; fileRef = C606F98220946A0C006DEDF8 /* Assets.xcassets */; };
		C606F98620946A0C006DEDF8 /* LaunchScreen.storyboard in Resources */ = {isa = PBXBuildFile; fileRef = C606F98420946A0C006DEDF8 /* LaunchScreen.storyboard */; };
		C613CC2D20946DD600E80820 /* HeroesCollectionViewController.swift in Sources */ = {isa = PBXBuildFile; fileRef = C613CC2C20946DD600E80820 /* HeroesCollectionViewController.swift */; };
		C613CC2F20946DE400E80820 /* HeroesCollectionPresenter.swift in Sources */ = {isa = PBXBuildFile; fileRef = C613CC2E20946DE400E80820 /* HeroesCollectionPresenter.swift */; };
		C613CC3120946DF100E80820 /* HeroesCollectionView.swift in Sources */ = {isa = PBXBuildFile; fileRef = C613CC3020946DF100E80820 /* HeroesCollectionView.swift */; };
		C613CC3320946E2300E80820 /* HeroesCollectionView.xib in Resources */ = {isa = PBXBuildFile; fileRef = C613CC3220946E2300E80820 /* HeroesCollectionView.xib */; };
		C613CC372094719800E80820 /* HeroesCollectionViewProtocol.swift in Sources */ = {isa = PBXBuildFile; fileRef = C613CC362094719800E80820 /* HeroesCollectionViewProtocol.swift */; };
		C613CC39209471B500E80820 /* HeroesCollectionPresenterProtocol.swift in Sources */ = {isa = PBXBuildFile; fileRef = C613CC38209471B500E80820 /* HeroesCollectionPresenterProtocol.swift */; };
		C613CC3D2094760700E80820 /* LoadHeroesUseCase.swift in Sources */ = {isa = PBXBuildFile; fileRef = C613CC3C2094760700E80820 /* LoadHeroesUseCase.swift */; };
		C613CC412094779F00E80820 /* LoadHeroesResult.swift in Sources */ = {isa = PBXBuildFile; fileRef = C613CC402094779F00E80820 /* LoadHeroesResult.swift */; };
		C613CC432094784A00E80820 /* LoadHeroesParams.swift in Sources */ = {isa = PBXBuildFile; fileRef = C613CC422094784A00E80820 /* LoadHeroesParams.swift */; };
		C613CC48209478C600E80820 /* GetHeroesOperation.swift in Sources */ = {isa = PBXBuildFile; fileRef = C613CC47209478C600E80820 /* GetHeroesOperation.swift */; };
		C613CC4A209478D800E80820 /* GetHeroesOperationProtocol.swift in Sources */ = {isa = PBXBuildFile; fileRef = C613CC49209478D800E80820 /* GetHeroesOperationProtocol.swift */; };
		C613CC50209479DD00E80820 /* ApiClientProtocol.swift in Sources */ = {isa = PBXBuildFile; fileRef = C613CC4F209479DD00E80820 /* ApiClientProtocol.swift */; };
		C613CC52209479EB00E80820 /* ApiClient.swift in Sources */ = {isa = PBXBuildFile; fileRef = C613CC51209479EB00E80820 /* ApiClient.swift */; };
		C613CC5420947A1500E80820 /* BaseClient.swift in Sources */ = {isa = PBXBuildFile; fileRef = C613CC5320947A1500E80820 /* BaseClient.swift */; };
		C613CC5620947B6200E80820 /* BaseUseCase.swift in Sources */ = {isa = PBXBuildFile; fileRef = C613CC5520947B6200E80820 /* BaseUseCase.swift */; };
		C613CC5920947C8700E80820 /* UseCase.swift in Sources */ = {isa = PBXBuildFile; fileRef = C613CC5820947C8700E80820 /* UseCase.swift */; };
		C613CC5C20947CEC00E80820 /* Callback.swift in Sources */ = {isa = PBXBuildFile; fileRef = C613CC5B20947CEC00E80820 /* Callback.swift */; };
		C613CC602094801A00E80820 /* Values.swift in Sources */ = {isa = PBXBuildFile; fileRef = C613CC5F2094801A00E80820 /* Values.swift */; };
		C613CC622094812700E80820 /* Settings.swift in Sources */ = {isa = PBXBuildFile; fileRef = C613CC612094812700E80820 /* Settings.swift */; };
		C613CC67209486D000E80820 /* Exception.swift in Sources */ = {isa = PBXBuildFile; fileRef = C613CC66209486D000E80820 /* Exception.swift */; };
		C613CC69209486F600E80820 /* ConnectivityException.swift in Sources */ = {isa = PBXBuildFile; fileRef = C613CC68209486F600E80820 /* ConnectivityException.swift */; };
		C613CC6B2094871C00E80820 /* UnknownException.swift in Sources */ = {isa = PBXBuildFile; fileRef = C613CC6A2094871C00E80820 /* UnknownException.swift */; };
		C613CC6E2094890E00E80820 /* DateExtensions.swift in Sources */ = {isa = PBXBuildFile; fileRef = C613CC6D2094890E00E80820 /* DateExtensions.swift */; };
		C613CC7120948E2300E80820 /* HeroEntity.swift in Sources */ = {isa = PBXBuildFile; fileRef = C613CC7020948E2300E80820 /* HeroEntity.swift */; };
		C613CC742094BB2700E80820 /* Hero.swift in Sources */ = {isa = PBXBuildFile; fileRef = C613CC732094BB2700E80820 /* Hero.swift */; };
		C613CC762094BB7000E80820 /* HeroMapper.swift in Sources */ = {isa = PBXBuildFile; fileRef = C613CC752094BB7000E80820 /* HeroMapper.swift */; };
		C613CC7E20950B7500E80820 /* HeroesCollectionViewCell.swift in Sources */ = {isa = PBXBuildFile; fileRef = C613CC7C20950B7500E80820 /* HeroesCollectionViewCell.swift */; };
		C613CC7F20950B7500E80820 /* HeroesCollectionViewCell.xib in Resources */ = {isa = PBXBuildFile; fileRef = C613CC7D20950B7500E80820 /* HeroesCollectionViewCell.xib */; };
		C6CD2AF32095954B008A0503 /* NetworkProvider.swift in Sources */ = {isa = PBXBuildFile; fileRef = C6CD2AF22095954B008A0503 /* NetworkProvider.swift */; };
		C6CD2AF52095A817008A0503 /* HeroesCollectionView.swift in Sources */ = {isa = PBXBuildFile; fileRef = C613CC3020946DF100E80820 /* HeroesCollectionView.swift */; };
		C6CD2AF62095A817008A0503 /* HeroesCollectionViewCell.swift in Sources */ = {isa = PBXBuildFile; fileRef = C613CC7C20950B7500E80820 /* HeroesCollectionViewCell.swift */; };
		C6CD2AF72095A817008A0503 /* HeroesCollectionViewProtocol.swift in Sources */ = {isa = PBXBuildFile; fileRef = C613CC362094719800E80820 /* HeroesCollectionViewProtocol.swift */; };
		C6CD2AF82095A817008A0503 /* HeroesCollectionViewController.swift in Sources */ = {isa = PBXBuildFile; fileRef = C613CC2C20946DD600E80820 /* HeroesCollectionViewController.swift */; };
		C6CD2AF92095A817008A0503 /* HeroesCollectionPresenterProtocol.swift in Sources */ = {isa = PBXBuildFile; fileRef = C613CC38209471B500E80820 /* HeroesCollectionPresenterProtocol.swift */; };
		C6CD2AFA2095A817008A0503 /* HeroesCollectionPresenter.swift in Sources */ = {isa = PBXBuildFile; fileRef = C613CC2E20946DE400E80820 /* HeroesCollectionPresenter.swift */; };
		C6CD2AFB2095A817008A0503 /* Callback.swift in Sources */ = {isa = PBXBuildFile; fileRef = C613CC5B20947CEC00E80820 /* Callback.swift */; };
		C6CD2AFC2095A817008A0503 /* UseCase.swift in Sources */ = {isa = PBXBuildFile; fileRef = C613CC5820947C8700E80820 /* UseCase.swift */; };
		C6CD2AFD2095A817008A0503 /* BaseUseCase.swift in Sources */ = {isa = PBXBuildFile; fileRef = C613CC5520947B6200E80820 /* BaseUseCase.swift */; };
		C6CD2AFE2095A817008A0503 /* LoadHeroesUseCase.swift in Sources */ = {isa = PBXBuildFile; fileRef = C613CC3C2094760700E80820 /* LoadHeroesUseCase.swift */; };
		C6CD2AFF2095A817008A0503 /* LoadHeroesResult.swift in Sources */ = {isa = PBXBuildFile; fileRef = C613CC402094779F00E80820 /* LoadHeroesResult.swift */; };
		C6CD2B002095A817008A0503 /* LoadHeroesParams.swift in Sources */ = {isa = PBXBuildFile; fileRef = C613CC422094784A00E80820 /* LoadHeroesParams.swift */; };
		C6CD2B012095A817008A0503 /* Hero.swift in Sources */ = {isa = PBXBuildFile; fileRef = C613CC732094BB2700E80820 /* Hero.swift */; };
		C6CD2B022095A817008A0503 /* GetHeroesOperationProtocol.swift in Sources */ = {isa = PBXBuildFile; fileRef = C613CC49209478D800E80820 /* GetHeroesOperationProtocol.swift */; };
		C6CD2B032095A817008A0503 /* GetHeroesOperation.swift in Sources */ = {isa = PBXBuildFile; fileRef = C613CC47209478C600E80820 /* GetHeroesOperation.swift */; };
		C6CD2B042095A817008A0503 /* NetworkProvider.swift in Sources */ = {isa = PBXBuildFile; fileRef = C6CD2AF22095954B008A0503 /* NetworkProvider.swift */; };
		C6CD2B052095A817008A0503 /* ApiClientProtocol.swift in Sources */ = {isa = PBXBuildFile; fileRef = C613CC4F209479DD00E80820 /* ApiClientProtocol.swift */; };
		C6CD2B062095A817008A0503 /* BaseClient.swift in Sources */ = {isa = PBXBuildFile; fileRef = C613CC5320947A1500E80820 /* BaseClient.swift */; };
		C6CD2B072095A817008A0503 /* ApiClient.swift in Sources */ = {isa = PBXBuildFile; fileRef = C613CC51209479EB00E80820 /* ApiClient.swift */; };
		C6CD2B082095A817008A0503 /* HeroMapper.swift in Sources */ = {isa = PBXBuildFile; fileRef = C613CC752094BB7000E80820 /* HeroMapper.swift */; };
		C6CD2B092095A817008A0503 /* HeroEntity.swift in Sources */ = {isa = PBXBuildFile; fileRef = C613CC7020948E2300E80820 /* HeroEntity.swift */; };
		C6CD2B0A2095A817008A0503 /* DateExtensions.swift in Sources */ = {isa = PBXBuildFile; fileRef = C613CC6D2094890E00E80820 /* DateExtensions.swift */; };
		C6CD2B0B2095A817008A0503 /* Exception.swift in Sources */ = {isa = PBXBuildFile; fileRef = C613CC66209486D000E80820 /* Exception.swift */; };
		C6CD2B0C2095A817008A0503 /* ConnectivityException.swift in Sources */ = {isa = PBXBuildFile; fileRef = C613CC68209486F600E80820 /* ConnectivityException.swift */; };
		C6CD2B0D2095A817008A0503 /* UnknownException.swift in Sources */ = {isa = PBXBuildFile; fileRef = C613CC6A2094871C00E80820 /* UnknownException.swift */; };
		C6CD2B0E2095A817008A0503 /* Values.swift in Sources */ = {isa = PBXBuildFile; fileRef = C613CC5F2094801A00E80820 /* Values.swift */; };
		C6CD2B0F2095A817008A0503 /* Settings.swift in Sources */ = {isa = PBXBuildFile; fileRef = C613CC612094812700E80820 /* Settings.swift */; };
		C6CD2B162095A887008A0503 /* HeroesCollectionPresenterUnitTests.swift in Sources */ = {isa = PBXBuildFile; fileRef = C6CD2B152095A887008A0503 /* HeroesCollectionPresenterUnitTests.swift */; };
		C6CD2B192095AA46008A0503 /* HeroesCollectionViewControllerMock.swift in Sources */ = {isa = PBXBuildFile; fileRef = C6CD2B182095AA46008A0503 /* HeroesCollectionViewControllerMock.swift */; };
		C6CD2B252095AFC7008A0503 /* GetHeroesOperationMock.swift in Sources */ = {isa = PBXBuildFile; fileRef = C6CD2B242095AFC7008A0503 /* GetHeroesOperationMock.swift */; };
		C6CD2B2A2095B2BC008A0503 /* LoadHeroesUseCaseUnitTests.swift in Sources */ = {isa = PBXBuildFile; fileRef = C6CD2B292095B2BC008A0503 /* LoadHeroesUseCaseUnitTests.swift */; };
		C6CD2B2D2095B31E008A0503 /* ApiClientMock.swift in Sources */ = {isa = PBXBuildFile; fileRef = C6CD2B2C2095B31E008A0503 /* ApiClientMock.swift */; };
		C6CD2B2F2095C01E008A0503 /* HeroDetailView.swift in Sources */ = {isa = PBXBuildFile; fileRef = C6CD2B2E2095C01E008A0503 /* HeroDetailView.swift */; };
		C6CD2B312095C267008A0503 /* HeroDetailView.xib in Resources */ = {isa = PBXBuildFile; fileRef = C6CD2B302095C267008A0503 /* HeroDetailView.xib */; };
		C6CD2B332095C467008A0503 /* HeroDetailViewController.swift in Sources */ = {isa = PBXBuildFile; fileRef = C6CD2B322095C467008A0503 /* HeroDetailViewController.swift */; };
		C6CD2B352095C562008A0503 /* HeroDetailViewProtocol.swift in Sources */ = {isa = PBXBuildFile; fileRef = C6CD2B342095C562008A0503 /* HeroDetailViewProtocol.swift */; };
		C6CD2B372095C58F008A0503 /* HeroDetailPresenter.swift in Sources */ = {isa = PBXBuildFile; fileRef = C6CD2B362095C58F008A0503 /* HeroDetailPresenter.swift */; };
		C6CD2B392095C5DA008A0503 /* HeroDetailPresenterProtocol.swift in Sources */ = {isa = PBXBuildFile; fileRef = C6CD2B382095C5DA008A0503 /* HeroDetailPresenterProtocol.swift */; };
		C6CD2B3B2095C689008A0503 /* LoadHeroDetailResult.swift in Sources */ = {isa = PBXBuildFile; fileRef = C6CD2B3A2095C689008A0503 /* LoadHeroDetailResult.swift */; };
		C6CD2B3D2095C6AC008A0503 /* LoadHeroDetailParams.swift in Sources */ = {isa = PBXBuildFile; fileRef = C6CD2B3C2095C6AC008A0503 /* LoadHeroDetailParams.swift */; };
		C6CD2B3F2095C6D1008A0503 /* LoadHeroDetailUseCase.swift in Sources */ = {isa = PBXBuildFile; fileRef = C6CD2B3E2095C6D1008A0503 /* LoadHeroDetailUseCase.swift */; };
		C6CD2B412095C70D008A0503 /* GetHeroDetailOperationProtocol.swift in Sources */ = {isa = PBXBuildFile; fileRef = C6CD2B402095C70D008A0503 /* GetHeroDetailOperationProtocol.swift */; };
		C6CD2B432095C73C008A0503 /* GetHeroDetailOperation.swift in Sources */ = {isa = PBXBuildFile; fileRef = C6CD2B422095C73C008A0503 /* GetHeroDetailOperation.swift */; };
		C6CD2B452095D278008A0503 /* HeroDetailMapper.swift in Sources */ = {isa = PBXBuildFile; fileRef = C6CD2B442095D278008A0503 /* HeroDetailMapper.swift */; };
		C6CD2B472095D35A008A0503 /* HeroDetailEntity.swift in Sources */ = {isa = PBXBuildFile; fileRef = C6CD2B462095D35A008A0503 /* HeroDetailEntity.swift */; };
		DE27D94A5296040F06401CD6 /* Pods_Marvel_Heroes.framework in Frameworks */ = {isa = PBXBuildFile; fileRef = F41E8A8E680374C9E860B911 /* Pods_Marvel_Heroes.framework */; };
		E3AF8FF01ECF682AFC8D5EFF /* Pods_Marvel_HeroesTests.framework in Frameworks */ = {isa = PBXBuildFile; fileRef = F6F1642FBEC439CC618244CA /* Pods_Marvel_HeroesTests.framework */; };
/* End PBXBuildFile section */

/* Begin PBXContainerItemProxy section */
		C606F98D20946A0D006DEDF8 /* PBXContainerItemProxy */ = {
			isa = PBXContainerItemProxy;
			containerPortal = C606F97020946A02006DEDF8 /* Project object */;
			proxyType = 1;
			remoteGlobalIDString = C606F97720946A02006DEDF8;
			remoteInfo = "Marvel Heroes";
		};
/* End PBXContainerItemProxy section */

/* Begin PBXFileReference section */
		228926A0E9C5DABDF88AFC84 /* Pods-Marvel HeroesTests.debug.xcconfig */ = {isa = PBXFileReference; includeInIndex = 1; lastKnownFileType = text.xcconfig; name = "Pods-Marvel HeroesTests.debug.xcconfig"; path = "Pods/Target Support Files/Pods-Marvel HeroesTests/Pods-Marvel HeroesTests.debug.xcconfig"; sourceTree = "<group>"; };
		4ECC5B48B1FD2E8BE3E43A76 /* Pods-Marvel Heroes.debug.xcconfig */ = {isa = PBXFileReference; includeInIndex = 1; lastKnownFileType = text.xcconfig; name = "Pods-Marvel Heroes.debug.xcconfig"; path = "Pods/Target Support Files/Pods-Marvel Heroes/Pods-Marvel Heroes.debug.xcconfig"; sourceTree = "<group>"; };
		613A6404D7B8BD60F7341773 /* Pods-Marvel Heroes.release.xcconfig */ = {isa = PBXFileReference; includeInIndex = 1; lastKnownFileType = text.xcconfig; name = "Pods-Marvel Heroes.release.xcconfig"; path = "Pods/Target Support Files/Pods-Marvel Heroes/Pods-Marvel Heroes.release.xcconfig"; sourceTree = "<group>"; };
		BB8B98ED72D0F1435C3D6956 /* Pods-Marvel HeroesTests.release.xcconfig */ = {isa = PBXFileReference; includeInIndex = 1; lastKnownFileType = text.xcconfig; name = "Pods-Marvel HeroesTests.release.xcconfig"; path = "Pods/Target Support Files/Pods-Marvel HeroesTests/Pods-Marvel HeroesTests.release.xcconfig"; sourceTree = "<group>"; };
		C606F97820946A02006DEDF8 /* Marvel Heroes.app */ = {isa = PBXFileReference; explicitFileType = wrapper.application; includeInIndex = 0; path = "Marvel Heroes.app"; sourceTree = BUILT_PRODUCTS_DIR; };
		C606F97B20946A02006DEDF8 /* AppDelegate.swift */ = {isa = PBXFileReference; lastKnownFileType = sourcecode.swift; path = AppDelegate.swift; sourceTree = "<group>"; };
		C606F98020946A02006DEDF8 /* Base */ = {isa = PBXFileReference; lastKnownFileType = file.storyboard; name = Base; path = Base.lproj/Main.storyboard; sourceTree = "<group>"; };
		C606F98220946A0C006DEDF8 /* Assets.xcassets */ = {isa = PBXFileReference; lastKnownFileType = folder.assetcatalog; path = Assets.xcassets; sourceTree = "<group>"; };
		C606F98520946A0C006DEDF8 /* Base */ = {isa = PBXFileReference; lastKnownFileType = file.storyboard; name = Base; path = Base.lproj/LaunchScreen.storyboard; sourceTree = "<group>"; };
		C606F98720946A0C006DEDF8 /* Info.plist */ = {isa = PBXFileReference; lastKnownFileType = text.plist.xml; path = Info.plist; sourceTree = "<group>"; };
		C606F98C20946A0D006DEDF8 /* Marvel HeroesTests.xctest */ = {isa = PBXFileReference; explicitFileType = wrapper.cfbundle; includeInIndex = 0; path = "Marvel HeroesTests.xctest"; sourceTree = BUILT_PRODUCTS_DIR; };
		C606F99220946A0D006DEDF8 /* Info.plist */ = {isa = PBXFileReference; lastKnownFileType = text.plist.xml; path = Info.plist; sourceTree = "<group>"; };
		C613CC2C20946DD600E80820 /* HeroesCollectionViewController.swift */ = {isa = PBXFileReference; lastKnownFileType = sourcecode.swift; path = HeroesCollectionViewController.swift; sourceTree = "<group>"; };
		C613CC2E20946DE400E80820 /* HeroesCollectionPresenter.swift */ = {isa = PBXFileReference; lastKnownFileType = sourcecode.swift; path = HeroesCollectionPresenter.swift; sourceTree = "<group>"; };
		C613CC3020946DF100E80820 /* HeroesCollectionView.swift */ = {isa = PBXFileReference; lastKnownFileType = sourcecode.swift; path = HeroesCollectionView.swift; sourceTree = "<group>"; };
		C613CC3220946E2300E80820 /* HeroesCollectionView.xib */ = {isa = PBXFileReference; lastKnownFileType = file.xib; path = HeroesCollectionView.xib; sourceTree = "<group>"; };
		C613CC362094719800E80820 /* HeroesCollectionViewProtocol.swift */ = {isa = PBXFileReference; lastKnownFileType = sourcecode.swift; path = HeroesCollectionViewProtocol.swift; sourceTree = "<group>"; };
		C613CC38209471B500E80820 /* HeroesCollectionPresenterProtocol.swift */ = {isa = PBXFileReference; lastKnownFileType = sourcecode.swift; path = HeroesCollectionPresenterProtocol.swift; sourceTree = "<group>"; };
		C613CC3C2094760700E80820 /* LoadHeroesUseCase.swift */ = {isa = PBXFileReference; lastKnownFileType = sourcecode.swift; path = LoadHeroesUseCase.swift; sourceTree = "<group>"; };
		C613CC402094779F00E80820 /* LoadHeroesResult.swift */ = {isa = PBXFileReference; lastKnownFileType = sourcecode.swift; path = LoadHeroesResult.swift; sourceTree = "<group>"; };
		C613CC422094784A00E80820 /* LoadHeroesParams.swift */ = {isa = PBXFileReference; lastKnownFileType = sourcecode.swift; path = LoadHeroesParams.swift; sourceTree = "<group>"; };
		C613CC47209478C600E80820 /* GetHeroesOperation.swift */ = {isa = PBXFileReference; lastKnownFileType = sourcecode.swift; path = GetHeroesOperation.swift; sourceTree = "<group>"; };
		C613CC49209478D800E80820 /* GetHeroesOperationProtocol.swift */ = {isa = PBXFileReference; lastKnownFileType = sourcecode.swift; path = GetHeroesOperationProtocol.swift; sourceTree = "<group>"; };
		C613CC4F209479DD00E80820 /* ApiClientProtocol.swift */ = {isa = PBXFileReference; lastKnownFileType = sourcecode.swift; path = ApiClientProtocol.swift; sourceTree = "<group>"; };
		C613CC51209479EB00E80820 /* ApiClient.swift */ = {isa = PBXFileReference; lastKnownFileType = sourcecode.swift; path = ApiClient.swift; sourceTree = "<group>"; };
		C613CC5320947A1500E80820 /* BaseClient.swift */ = {isa = PBXFileReference; lastKnownFileType = sourcecode.swift; path = BaseClient.swift; sourceTree = "<group>"; };
		C613CC5520947B6200E80820 /* BaseUseCase.swift */ = {isa = PBXFileReference; lastKnownFileType = sourcecode.swift; path = BaseUseCase.swift; sourceTree = "<group>"; };
		C613CC5820947C8700E80820 /* UseCase.swift */ = {isa = PBXFileReference; lastKnownFileType = sourcecode.swift; path = UseCase.swift; sourceTree = "<group>"; };
		C613CC5B20947CEC00E80820 /* Callback.swift */ = {isa = PBXFileReference; lastKnownFileType = sourcecode.swift; path = Callback.swift; sourceTree = "<group>"; };
		C613CC5F2094801A00E80820 /* Values.swift */ = {isa = PBXFileReference; lastKnownFileType = sourcecode.swift; path = Values.swift; sourceTree = "<group>"; };
		C613CC612094812700E80820 /* Settings.swift */ = {isa = PBXFileReference; lastKnownFileType = sourcecode.swift; path = Settings.swift; sourceTree = "<group>"; };
		C613CC66209486D000E80820 /* Exception.swift */ = {isa = PBXFileReference; lastKnownFileType = sourcecode.swift; path = Exception.swift; sourceTree = "<group>"; };
		C613CC68209486F600E80820 /* ConnectivityException.swift */ = {isa = PBXFileReference; lastKnownFileType = sourcecode.swift; path = ConnectivityException.swift; sourceTree = "<group>"; };
		C613CC6A2094871C00E80820 /* UnknownException.swift */ = {isa = PBXFileReference; lastKnownFileType = sourcecode.swift; path = UnknownException.swift; sourceTree = "<group>"; };
		C613CC6D2094890E00E80820 /* DateExtensions.swift */ = {isa = PBXFileReference; lastKnownFileType = sourcecode.swift; path = DateExtensions.swift; sourceTree = "<group>"; };
		C613CC7020948E2300E80820 /* HeroEntity.swift */ = {isa = PBXFileReference; lastKnownFileType = sourcecode.swift; path = HeroEntity.swift; sourceTree = "<group>"; };
		C613CC732094BB2700E80820 /* Hero.swift */ = {isa = PBXFileReference; lastKnownFileType = sourcecode.swift; path = Hero.swift; sourceTree = "<group>"; };
		C613CC752094BB7000E80820 /* HeroMapper.swift */ = {isa = PBXFileReference; lastKnownFileType = sourcecode.swift; path = HeroMapper.swift; sourceTree = "<group>"; };
		C613CC7C20950B7500E80820 /* HeroesCollectionViewCell.swift */ = {isa = PBXFileReference; lastKnownFileType = sourcecode.swift; path = HeroesCollectionViewCell.swift; sourceTree = "<group>"; };
		C613CC7D20950B7500E80820 /* HeroesCollectionViewCell.xib */ = {isa = PBXFileReference; lastKnownFileType = file.xib; name = HeroesCollectionViewCell.xib; path = ../Views/HeroesCollectionViewCell.xib; sourceTree = "<group>"; };
		C6CD2AF22095954B008A0503 /* NetworkProvider.swift */ = {isa = PBXFileReference; lastKnownFileType = sourcecode.swift; path = NetworkProvider.swift; sourceTree = "<group>"; };
		C6CD2B152095A887008A0503 /* HeroesCollectionPresenterUnitTests.swift */ = {isa = PBXFileReference; lastKnownFileType = sourcecode.swift; path = HeroesCollectionPresenterUnitTests.swift; sourceTree = "<group>"; };
		C6CD2B182095AA46008A0503 /* HeroesCollectionViewControllerMock.swift */ = {isa = PBXFileReference; lastKnownFileType = sourcecode.swift; path = HeroesCollectionViewControllerMock.swift; sourceTree = "<group>"; };
		C6CD2B242095AFC7008A0503 /* GetHeroesOperationMock.swift */ = {isa = PBXFileReference; lastKnownFileType = sourcecode.swift; path = GetHeroesOperationMock.swift; sourceTree = "<group>"; };
		C6CD2B292095B2BC008A0503 /* LoadHeroesUseCaseUnitTests.swift */ = {isa = PBXFileReference; lastKnownFileType = sourcecode.swift; path = LoadHeroesUseCaseUnitTests.swift; sourceTree = "<group>"; };
		C6CD2B2C2095B31E008A0503 /* ApiClientMock.swift */ = {isa = PBXFileReference; lastKnownFileType = sourcecode.swift; path = ApiClientMock.swift; sourceTree = "<group>"; };
		C6CD2B2E2095C01E008A0503 /* HeroDetailView.swift */ = {isa = PBXFileReference; lastKnownFileType = sourcecode.swift; path = HeroDetailView.swift; sourceTree = "<group>"; };
		C6CD2B302095C267008A0503 /* HeroDetailView.xib */ = {isa = PBXFileReference; lastKnownFileType = file.xib; path = HeroDetailView.xib; sourceTree = "<group>"; };
		C6CD2B322095C467008A0503 /* HeroDetailViewController.swift */ = {isa = PBXFileReference; lastKnownFileType = sourcecode.swift; path = HeroDetailViewController.swift; sourceTree = "<group>"; };
		C6CD2B342095C562008A0503 /* HeroDetailViewProtocol.swift */ = {isa = PBXFileReference; lastKnownFileType = sourcecode.swift; path = HeroDetailViewProtocol.swift; sourceTree = "<group>"; };
		C6CD2B362095C58F008A0503 /* HeroDetailPresenter.swift */ = {isa = PBXFileReference; lastKnownFileType = sourcecode.swift; path = HeroDetailPresenter.swift; sourceTree = "<group>"; };
		C6CD2B382095C5DA008A0503 /* HeroDetailPresenterProtocol.swift */ = {isa = PBXFileReference; lastKnownFileType = sourcecode.swift; path = HeroDetailPresenterProtocol.swift; sourceTree = "<group>"; };
		C6CD2B3A2095C689008A0503 /* LoadHeroDetailResult.swift */ = {isa = PBXFileReference; lastKnownFileType = sourcecode.swift; path = LoadHeroDetailResult.swift; sourceTree = "<group>"; };
		C6CD2B3C2095C6AC008A0503 /* LoadHeroDetailParams.swift */ = {isa = PBXFileReference; lastKnownFileType = sourcecode.swift; path = LoadHeroDetailParams.swift; sourceTree = "<group>"; };
		C6CD2B3E2095C6D1008A0503 /* LoadHeroDetailUseCase.swift */ = {isa = PBXFileReference; lastKnownFileType = sourcecode.swift; path = LoadHeroDetailUseCase.swift; sourceTree = "<group>"; };
		C6CD2B402095C70D008A0503 /* GetHeroDetailOperationProtocol.swift */ = {isa = PBXFileReference; lastKnownFileType = sourcecode.swift; path = GetHeroDetailOperationProtocol.swift; sourceTree = "<group>"; };
		C6CD2B422095C73C008A0503 /* GetHeroDetailOperation.swift */ = {isa = PBXFileReference; lastKnownFileType = sourcecode.swift; path = GetHeroDetailOperation.swift; sourceTree = "<group>"; };
		C6CD2B442095D278008A0503 /* HeroDetailMapper.swift */ = {isa = PBXFileReference; lastKnownFileType = sourcecode.swift; path = HeroDetailMapper.swift; sourceTree = "<group>"; };
		C6CD2B462095D35A008A0503 /* HeroDetailEntity.swift */ = {isa = PBXFileReference; lastKnownFileType = sourcecode.swift; path = HeroDetailEntity.swift; sourceTree = "<group>"; };
		F41E8A8E680374C9E860B911 /* Pods_Marvel_Heroes.framework */ = {isa = PBXFileReference; explicitFileType = wrapper.framework; includeInIndex = 0; path = Pods_Marvel_Heroes.framework; sourceTree = BUILT_PRODUCTS_DIR; };
		F6F1642FBEC439CC618244CA /* Pods_Marvel_HeroesTests.framework */ = {isa = PBXFileReference; explicitFileType = wrapper.framework; includeInIndex = 0; path = Pods_Marvel_HeroesTests.framework; sourceTree = BUILT_PRODUCTS_DIR; };
/* End PBXFileReference section */

/* Begin PBXFrameworksBuildPhase section */
		C606F97520946A02006DEDF8 /* Frameworks */ = {
			isa = PBXFrameworksBuildPhase;
			buildActionMask = 2147483647;
			files = (
				DE27D94A5296040F06401CD6 /* Pods_Marvel_Heroes.framework in Frameworks */,
			);
			runOnlyForDeploymentPostprocessing = 0;
		};
		C606F98920946A0D006DEDF8 /* Frameworks */ = {
			isa = PBXFrameworksBuildPhase;
			buildActionMask = 2147483647;
			files = (
				E3AF8FF01ECF682AFC8D5EFF /* Pods_Marvel_HeroesTests.framework in Frameworks */,
			);
			runOnlyForDeploymentPostprocessing = 0;
		};
/* End PBXFrameworksBuildPhase section */

/* Begin PBXGroup section */
		2BBB100F2B8A631F5309309F /* Pods */ = {
			isa = PBXGroup;
			children = (
				4ECC5B48B1FD2E8BE3E43A76 /* Pods-Marvel Heroes.debug.xcconfig */,
				613A6404D7B8BD60F7341773 /* Pods-Marvel Heroes.release.xcconfig */,
				228926A0E9C5DABDF88AFC84 /* Pods-Marvel HeroesTests.debug.xcconfig */,
				BB8B98ED72D0F1435C3D6956 /* Pods-Marvel HeroesTests.release.xcconfig */,
			);
			name = Pods;
			sourceTree = "<group>";
		};
		81B8FEE3235071F03DA67C03 /* Frameworks */ = {
			isa = PBXGroup;
			children = (
				F41E8A8E680374C9E860B911 /* Pods_Marvel_Heroes.framework */,
				F6F1642FBEC439CC618244CA /* Pods_Marvel_HeroesTests.framework */,
			);
			name = Frameworks;
			sourceTree = "<group>";
		};
		C606F96F20946A02006DEDF8 = {
			isa = PBXGroup;
			children = (
				C606F97A20946A02006DEDF8 /* Marvel Heroes */,
				C606F98F20946A0D006DEDF8 /* Marvel HeroesTests */,
				C606F97920946A02006DEDF8 /* Products */,
				2BBB100F2B8A631F5309309F /* Pods */,
				81B8FEE3235071F03DA67C03 /* Frameworks */,
			);
			sourceTree = "<group>";
		};
		C606F97920946A02006DEDF8 /* Products */ = {
			isa = PBXGroup;
			children = (
				C606F97820946A02006DEDF8 /* Marvel Heroes.app */,
				C606F98C20946A0D006DEDF8 /* Marvel HeroesTests.xctest */,
			);
			name = Products;
			sourceTree = "<group>";
		};
		C606F97A20946A02006DEDF8 /* Marvel Heroes */ = {
			isa = PBXGroup;
			children = (
				C613CC2620946D2A00E80820 /* UI */,
				C613CC2720946D3500E80820 /* Presentation */,
				C613CC3A209475EC00E80820 /* Domain */,
				C613CC44209478A300E80820 /* Data */,
				C613CC63209486A300E80820 /* Helpers */,
				C613CC5D20947FE900E80820 /* Values */,
				C613CC5E20947FEF00E80820 /* Settings */,
				C606F97B20946A02006DEDF8 /* AppDelegate.swift */,
				C606F97F20946A02006DEDF8 /* Main.storyboard */,
				C606F98420946A0C006DEDF8 /* LaunchScreen.storyboard */,
				C606F98220946A0C006DEDF8 /* Assets.xcassets */,
				C606F98720946A0C006DEDF8 /* Info.plist */,
			);
			path = "Marvel Heroes";
			sourceTree = "<group>";
		};
		C606F98F20946A0D006DEDF8 /* Marvel HeroesTests */ = {
			isa = PBXGroup;
			children = (
				C6CD2AF42095A7E1008A0503 /* Unit testing */,
				C606F99220946A0D006DEDF8 /* Info.plist */,
			);
			path = "Marvel HeroesTests";
			sourceTree = "<group>";
		};
		C613CC2620946D2A00E80820 /* UI */ = {
			isa = PBXGroup;
			children = (
				C613CC2820946D4500E80820 /* Views */,
				C613CC2920946D4E00E80820 /* Xibs */,
			);
			path = UI;
			sourceTree = "<group>";
		};
		C613CC2720946D3500E80820 /* Presentation */ = {
			isa = PBXGroup;
			children = (
				C613CC2A20946D7B00E80820 /* ViewControllers */,
				C613CC2B20946D8500E80820 /* Presenter */,
			);
			path = Presentation;
			sourceTree = "<group>";
		};
		C613CC2820946D4500E80820 /* Views */ = {
			isa = PBXGroup;
			children = (
				C613CC3020946DF100E80820 /* HeroesCollectionView.swift */,
				C613CC7C20950B7500E80820 /* HeroesCollectionViewCell.swift */,
				C6CD2B2E2095C01E008A0503 /* HeroDetailView.swift */,
			);
			path = Views;
			sourceTree = "<group>";
		};
		C613CC2920946D4E00E80820 /* Xibs */ = {
			isa = PBXGroup;
			children = (
				C613CC3220946E2300E80820 /* HeroesCollectionView.xib */,
				C613CC7D20950B7500E80820 /* HeroesCollectionViewCell.xib */,
				C6CD2B302095C267008A0503 /* HeroDetailView.xib */,
			);
			path = Xibs;
			sourceTree = "<group>";
		};
		C613CC2A20946D7B00E80820 /* ViewControllers */ = {
			isa = PBXGroup;
			children = (
				C613CC352094717400E80820 /* Abstraction */,
				C613CC2C20946DD600E80820 /* HeroesCollectionViewController.swift */,
				C6CD2B322095C467008A0503 /* HeroDetailViewController.swift */,
			);
			path = ViewControllers;
			sourceTree = "<group>";
		};
		C613CC2B20946D8500E80820 /* Presenter */ = {
			isa = PBXGroup;
			children = (
				C613CC342094715D00E80820 /* Abstraction */,
				C613CC2E20946DE400E80820 /* HeroesCollectionPresenter.swift */,
				C6CD2B362095C58F008A0503 /* HeroDetailPresenter.swift */,
			);
			path = Presenter;
			sourceTree = "<group>";
		};
		C613CC342094715D00E80820 /* Abstraction */ = {
			isa = PBXGroup;
			children = (
				C613CC38209471B500E80820 /* HeroesCollectionPresenterProtocol.swift */,
				C6CD2B382095C5DA008A0503 /* HeroDetailPresenterProtocol.swift */,
			);
			path = Abstraction;
			sourceTree = "<group>";
		};
		C613CC352094717400E80820 /* Abstraction */ = {
			isa = PBXGroup;
			children = (
				C613CC362094719800E80820 /* HeroesCollectionViewProtocol.swift */,
				C6CD2B342095C562008A0503 /* HeroDetailViewProtocol.swift */,
			);
			path = Abstraction;
			sourceTree = "<group>";
		};
		C613CC3A209475EC00E80820 /* Domain */ = {
			isa = PBXGroup;
			children = (
				C613CC5720947C1200E80820 /* Abstraction */,
				C613CC3B209475F100E80820 /* Usecase */,
				C613CC3F2094778800E80820 /* Result */,
				C613CC3E2094778000E80820 /* Params */,
				C613CC722094BB0F00E80820 /* Model */,
			);
			path = Domain;
			sourceTree = "<group>";
		};
		C613CC3B209475F100E80820 /* Usecase */ = {
			isa = PBXGroup;
			children = (
				C613CC5520947B6200E80820 /* BaseUseCase.swift */,
				C613CC3C2094760700E80820 /* LoadHeroesUseCase.swift */,
				C6CD2B3E2095C6D1008A0503 /* LoadHeroDetailUseCase.swift */,
			);
			path = Usecase;
			sourceTree = "<group>";
		};
		C613CC3E2094778000E80820 /* Params */ = {
			isa = PBXGroup;
			children = (
				C613CC422094784A00E80820 /* LoadHeroesParams.swift */,
				C6CD2B3C2095C6AC008A0503 /* LoadHeroDetailParams.swift */,
			);
			path = Params;
			sourceTree = "<group>";
		};
		C613CC3F2094778800E80820 /* Result */ = {
			isa = PBXGroup;
			children = (
				C613CC402094779F00E80820 /* LoadHeroesResult.swift */,
				C6CD2B3A2095C689008A0503 /* LoadHeroDetailResult.swift */,
			);
			path = Result;
			sourceTree = "<group>";
		};
		C613CC44209478A300E80820 /* Data */ = {
			isa = PBXGroup;
			children = (
				C613CC45209478A900E80820 /* Operation */,
				C6CD2AF120959533008A0503 /* Provider */,
				C613CC4C209479B900E80820 /* Client */,
				C613CC6F20948E0300E80820 /* Entity */,
			);
			path = Data;
			sourceTree = "<group>";
		};
		C613CC45209478A900E80820 /* Operation */ = {
			isa = PBXGroup;
			children = (
				C613CC46209478B200E80820 /* Abstraction */,
				C613CC47209478C600E80820 /* GetHeroesOperation.swift */,
				C6CD2B422095C73C008A0503 /* GetHeroDetailOperation.swift */,
			);
			path = Operation;
			sourceTree = "<group>";
		};
		C613CC46209478B200E80820 /* Abstraction */ = {
			isa = PBXGroup;
			children = (
				C613CC49209478D800E80820 /* GetHeroesOperationProtocol.swift */,
				C6CD2B402095C70D008A0503 /* GetHeroDetailOperationProtocol.swift */,
			);
			path = Abstraction;
			sourceTree = "<group>";
		};
		C613CC4C209479B900E80820 /* Client */ = {
			isa = PBXGroup;
			children = (
				C613CC4D209479CA00E80820 /* Abstraction */,
				C613CC5320947A1500E80820 /* BaseClient.swift */,
				C613CC51209479EB00E80820 /* ApiClient.swift */,
			);
			path = Client;
			sourceTree = "<group>";
		};
		C613CC4D209479CA00E80820 /* Abstraction */ = {
			isa = PBXGroup;
			children = (
				C613CC4F209479DD00E80820 /* ApiClientProtocol.swift */,
			);
			path = Abstraction;
			sourceTree = "<group>";
		};
		C613CC5720947C1200E80820 /* Abstraction */ = {
			isa = PBXGroup;
			children = (
				C613CC5A20947CDE00E80820 /* Callback */,
				C613CC5820947C8700E80820 /* UseCase.swift */,
			);
			path = Abstraction;
			sourceTree = "<group>";
		};
		C613CC5A20947CDE00E80820 /* Callback */ = {
			isa = PBXGroup;
			children = (
				C613CC5B20947CEC00E80820 /* Callback.swift */,
			);
			path = Callback;
			sourceTree = "<group>";
		};
		C613CC5D20947FE900E80820 /* Values */ = {
			isa = PBXGroup;
			children = (
				C613CC5F2094801A00E80820 /* Values.swift */,
			);
			path = Values;
			sourceTree = "<group>";
		};
		C613CC5E20947FEF00E80820 /* Settings */ = {
			isa = PBXGroup;
			children = (
				C613CC612094812700E80820 /* Settings.swift */,
			);
			path = Settings;
			sourceTree = "<group>";
		};
		C613CC63209486A300E80820 /* Helpers */ = {
			isa = PBXGroup;
			children = (
				C613CC6C209488FA00E80820 /* Extensions */,
				C613CC64209486A900E80820 /* Exceptions */,
			);
			path = Helpers;
			sourceTree = "<group>";
		};
		C613CC64209486A900E80820 /* Exceptions */ = {
			isa = PBXGroup;
			children = (
				C613CC66209486D000E80820 /* Exception.swift */,
				C613CC68209486F600E80820 /* ConnectivityException.swift */,
				C613CC6A2094871C00E80820 /* UnknownException.swift */,
			);
			path = Exceptions;
			sourceTree = "<group>";
		};
		C613CC6C209488FA00E80820 /* Extensions */ = {
			isa = PBXGroup;
			children = (
				C613CC6D2094890E00E80820 /* DateExtensions.swift */,
			);
			path = Extensions;
			sourceTree = "<group>";
		};
		C613CC6F20948E0300E80820 /* Entity */ = {
			isa = PBXGroup;
			children = (
				C613CC772094BB7600E80820 /* Mapper */,
				C613CC7020948E2300E80820 /* HeroEntity.swift */,
				C6CD2B462095D35A008A0503 /* HeroDetailEntity.swift */,
			);
			path = Entity;
			sourceTree = "<group>";
		};
		C613CC722094BB0F00E80820 /* Model */ = {
			isa = PBXGroup;
			children = (
				C613CC732094BB2700E80820 /* Hero.swift */,
			);
			path = Model;
			sourceTree = "<group>";
		};
		C613CC772094BB7600E80820 /* Mapper */ = {
			isa = PBXGroup;
			children = (
				C613CC752094BB7000E80820 /* HeroMapper.swift */,
				C6CD2B442095D278008A0503 /* HeroDetailMapper.swift */,
			);
			path = Mapper;
			sourceTree = "<group>";
		};
		C6CD2AF120959533008A0503 /* Provider */ = {
			isa = PBXGroup;
			children = (
				C6CD2AF22095954B008A0503 /* NetworkProvider.swift */,
			);
			path = Provider;
			sourceTree = "<group>";
		};
		C6CD2AF42095A7E1008A0503 /* Unit testing */ = {
			isa = PBXGroup;
			children = (
				C6CD2B102095A82E008A0503 /* Mocks */,
				C6CD2B112095A833008A0503 /* Tests */,
			);
			path = "Unit testing";
			sourceTree = "<group>";
		};
		C6CD2B102095A82E008A0503 /* Mocks */ = {
			isa = PBXGroup;
			children = (
				C6CD2B132095A84C008A0503 /* Presentation */,
				C6CD2B222095AFAF008A0503 /* Data */,
			);
			path = Mocks;
			sourceTree = "<group>";
		};
		C6CD2B112095A833008A0503 /* Tests */ = {
			isa = PBXGroup;
			children = (
				C6CD2B122095A842008A0503 /* Presentation */,
				C6CD2B272095B295008A0503 /* Domain */,
			);
			path = Tests;
			sourceTree = "<group>";
		};
		C6CD2B122095A842008A0503 /* Presentation */ = {
			isa = PBXGroup;
			children = (
				C6CD2B142095A85C008A0503 /* Presenter */,
			);
			path = Presentation;
			sourceTree = "<group>";
		};
		C6CD2B132095A84C008A0503 /* Presentation */ = {
			isa = PBXGroup;
			children = (
				C6CD2B172095AA39008A0503 /* ViewController */,
			);
			path = Presentation;
			sourceTree = "<group>";
		};
		C6CD2B142095A85C008A0503 /* Presenter */ = {
			isa = PBXGroup;
			children = (
				C6CD2B152095A887008A0503 /* HeroesCollectionPresenterUnitTests.swift */,
			);
			path = Presenter;
			sourceTree = "<group>";
		};
		C6CD2B172095AA39008A0503 /* ViewController */ = {
			isa = PBXGroup;
			children = (
				C6CD2B182095AA46008A0503 /* HeroesCollectionViewControllerMock.swift */,
			);
			path = ViewController;
			sourceTree = "<group>";
		};
		C6CD2B222095AFAF008A0503 /* Data */ = {
			isa = PBXGroup;
			children = (
				C6CD2B2B2095B30E008A0503 /* Client */,
				C6CD2B232095AFBA008A0503 /* Operation */,
			);
			path = Data;
			sourceTree = "<group>";
		};
		C6CD2B232095AFBA008A0503 /* Operation */ = {
			isa = PBXGroup;
			children = (
				C6CD2B242095AFC7008A0503 /* GetHeroesOperationMock.swift */,
			);
			path = Operation;
			sourceTree = "<group>";
		};
		C6CD2B272095B295008A0503 /* Domain */ = {
			isa = PBXGroup;
			children = (
				C6CD2B282095B2A0008A0503 /* Usecase */,
			);
			name = Domain;
			path = "New Group";
			sourceTree = "<group>";
		};
		C6CD2B282095B2A0008A0503 /* Usecase */ = {
			isa = PBXGroup;
			children = (
				C6CD2B292095B2BC008A0503 /* LoadHeroesUseCaseUnitTests.swift */,
			);
			path = Usecase;
			sourceTree = "<group>";
		};
		C6CD2B2B2095B30E008A0503 /* Client */ = {
			isa = PBXGroup;
			children = (
				C6CD2B2C2095B31E008A0503 /* ApiClientMock.swift */,
			);
			path = Client;
			sourceTree = "<group>";
		};
/* End PBXGroup section */

/* Begin PBXNativeTarget section */
		C606F97720946A02006DEDF8 /* Marvel Heroes */ = {
			isa = PBXNativeTarget;
			buildConfigurationList = C606F99520946A0D006DEDF8 /* Build configuration list for PBXNativeTarget "Marvel Heroes" */;
			buildPhases = (
				0A0CBC39C073F880E3DFE822 /* [CP] Check Pods Manifest.lock */,
				C606F97420946A02006DEDF8 /* Sources */,
				C606F97520946A02006DEDF8 /* Frameworks */,
				C606F97620946A02006DEDF8 /* Resources */,
				CEB2F17987B34517CCB07827 /* [CP] Embed Pods Frameworks */,
			);
			buildRules = (
			);
			dependencies = (
			);
			name = "Marvel Heroes";
			productName = "Marvel Heroes";
			productReference = C606F97820946A02006DEDF8 /* Marvel Heroes.app */;
			productType = "com.apple.product-type.application";
		};
		C606F98B20946A0D006DEDF8 /* Marvel HeroesTests */ = {
			isa = PBXNativeTarget;
			buildConfigurationList = C606F99820946A0D006DEDF8 /* Build configuration list for PBXNativeTarget "Marvel HeroesTests" */;
			buildPhases = (
				C7DA332B36E1E623DF321E92 /* [CP] Check Pods Manifest.lock */,
				C606F98820946A0D006DEDF8 /* Sources */,
				C606F98920946A0D006DEDF8 /* Frameworks */,
				C606F98A20946A0D006DEDF8 /* Resources */,
			);
			buildRules = (
			);
			dependencies = (
				C606F98E20946A0D006DEDF8 /* PBXTargetDependency */,
			);
			name = "Marvel HeroesTests";
			productName = "Marvel HeroesTests";
			productReference = C606F98C20946A0D006DEDF8 /* Marvel HeroesTests.xctest */;
			productType = "com.apple.product-type.bundle.unit-test";
		};
/* End PBXNativeTarget section */

/* Begin PBXProject section */
		C606F97020946A02006DEDF8 /* Project object */ = {
			isa = PBXProject;
			attributes = {
				LastSwiftUpdateCheck = 0930;
				LastUpgradeCheck = 0930;
				ORGANIZATIONNAME = "Jordi Gamez";
				TargetAttributes = {
					C606F97720946A02006DEDF8 = {
						CreatedOnToolsVersion = 9.3;
					};
					C606F98B20946A0D006DEDF8 = {
						CreatedOnToolsVersion = 9.3;
						TestTargetID = C606F97720946A02006DEDF8;
					};
				};
			};
			buildConfigurationList = C606F97320946A02006DEDF8 /* Build configuration list for PBXProject "Marvel Heroes" */;
			compatibilityVersion = "Xcode 9.3";
			developmentRegion = en;
			hasScannedForEncodings = 0;
			knownRegions = (
				en,
				Base,
			);
			mainGroup = C606F96F20946A02006DEDF8;
			productRefGroup = C606F97920946A02006DEDF8 /* Products */;
			projectDirPath = "";
			projectRoot = "";
			targets = (
				C606F97720946A02006DEDF8 /* Marvel Heroes */,
				C606F98B20946A0D006DEDF8 /* Marvel HeroesTests */,
			);
		};
/* End PBXProject section */

/* Begin PBXResourcesBuildPhase section */
		C606F97620946A02006DEDF8 /* Resources */ = {
			isa = PBXResourcesBuildPhase;
			buildActionMask = 2147483647;
			files = (
				C606F98620946A0C006DEDF8 /* LaunchScreen.storyboard in Resources */,
				C6CD2B312095C267008A0503 /* HeroDetailView.xib in Resources */,
				C606F98320946A0C006DEDF8 /* Assets.xcassets in Resources */,
				C613CC7F20950B7500E80820 /* HeroesCollectionViewCell.xib in Resources */,
				C613CC3320946E2300E80820 /* HeroesCollectionView.xib in Resources */,
				C606F98120946A02006DEDF8 /* Main.storyboard in Resources */,
			);
			runOnlyForDeploymentPostprocessing = 0;
		};
		C606F98A20946A0D006DEDF8 /* Resources */ = {
			isa = PBXResourcesBuildPhase;
			buildActionMask = 2147483647;
			files = (
			);
			runOnlyForDeploymentPostprocessing = 0;
		};
/* End PBXResourcesBuildPhase section */

/* Begin PBXShellScriptBuildPhase section */
		0A0CBC39C073F880E3DFE822 /* [CP] Check Pods Manifest.lock */ = {
			isa = PBXShellScriptBuildPhase;
			buildActionMask = 2147483647;
			files = (
			);
			inputPaths = (
				"${PODS_PODFILE_DIR_PATH}/Podfile.lock",
				"${PODS_ROOT}/Manifest.lock",
			);
			name = "[CP] Check Pods Manifest.lock";
			outputPaths = (
				"$(DERIVED_FILE_DIR)/Pods-Marvel Heroes-checkManifestLockResult.txt",
			);
			runOnlyForDeploymentPostprocessing = 0;
			shellPath = /bin/sh;
			shellScript = "diff \"${PODS_PODFILE_DIR_PATH}/Podfile.lock\" \"${PODS_ROOT}/Manifest.lock\" > /dev/null\nif [ $? != 0 ] ; then\n    # print error to STDERR\n    echo \"error: The sandbox is not in sync with the Podfile.lock. Run 'pod install' or update your CocoaPods installation.\" >&2\n    exit 1\nfi\n# This output is used by Xcode 'outputs' to avoid re-running this script phase.\necho \"SUCCESS\" > \"${SCRIPT_OUTPUT_FILE_0}\"\n";
			showEnvVarsInLog = 0;
		};
		C7DA332B36E1E623DF321E92 /* [CP] Check Pods Manifest.lock */ = {
			isa = PBXShellScriptBuildPhase;
			buildActionMask = 2147483647;
			files = (
			);
			inputPaths = (
				"${PODS_PODFILE_DIR_PATH}/Podfile.lock",
				"${PODS_ROOT}/Manifest.lock",
			);
			name = "[CP] Check Pods Manifest.lock";
			outputPaths = (
				"$(DERIVED_FILE_DIR)/Pods-Marvel HeroesTests-checkManifestLockResult.txt",
			);
			runOnlyForDeploymentPostprocessing = 0;
			shellPath = /bin/sh;
			shellScript = "diff \"${PODS_PODFILE_DIR_PATH}/Podfile.lock\" \"${PODS_ROOT}/Manifest.lock\" > /dev/null\nif [ $? != 0 ] ; then\n    # print error to STDERR\n    echo \"error: The sandbox is not in sync with the Podfile.lock. Run 'pod install' or update your CocoaPods installation.\" >&2\n    exit 1\nfi\n# This output is used by Xcode 'outputs' to avoid re-running this script phase.\necho \"SUCCESS\" > \"${SCRIPT_OUTPUT_FILE_0}\"\n";
			showEnvVarsInLog = 0;
		};
		CEB2F17987B34517CCB07827 /* [CP] Embed Pods Frameworks */ = {
			isa = PBXShellScriptBuildPhase;
			buildActionMask = 2147483647;
			files = (
			);
			inputPaths = (
				"${SRCROOT}/Pods/Target Support Files/Pods-Marvel Heroes/Pods-Marvel Heroes-frameworks.sh",
				"${BUILT_PRODUCTS_DIR}/Alamofire/Alamofire.framework",
				"${BUILT_PRODUCTS_DIR}/Alamofire-Synchronous/Alamofire_Synchronous.framework",
				"${BUILT_PRODUCTS_DIR}/CryptoSwift/CryptoSwift.framework",
				"${BUILT_PRODUCTS_DIR}/Kingfisher/Kingfisher.framework",
				"${BUILT_PRODUCTS_DIR}/SwiftyJSON/SwiftyJSON.framework",
			);
			name = "[CP] Embed Pods Frameworks";
			outputPaths = (
				"${TARGET_BUILD_DIR}/${FRAMEWORKS_FOLDER_PATH}/Alamofire.framework",
				"${TARGET_BUILD_DIR}/${FRAMEWORKS_FOLDER_PATH}/Alamofire_Synchronous.framework",
				"${TARGET_BUILD_DIR}/${FRAMEWORKS_FOLDER_PATH}/CryptoSwift.framework",
				"${TARGET_BUILD_DIR}/${FRAMEWORKS_FOLDER_PATH}/Kingfisher.framework",
				"${TARGET_BUILD_DIR}/${FRAMEWORKS_FOLDER_PATH}/SwiftyJSON.framework",
			);
			runOnlyForDeploymentPostprocessing = 0;
			shellPath = /bin/sh;
			shellScript = "\"${SRCROOT}/Pods/Target Support Files/Pods-Marvel Heroes/Pods-Marvel Heroes-frameworks.sh\"\n";
			showEnvVarsInLog = 0;
		};
/* End PBXShellScriptBuildPhase section */

/* Begin PBXSourcesBuildPhase section */
		C606F97420946A02006DEDF8 /* Sources */ = {
			isa = PBXSourcesBuildPhase;
			buildActionMask = 2147483647;
			files = (
				C6CD2B2F2095C01E008A0503 /* HeroDetailView.swift in Sources */,
				C613CC6E2094890E00E80820 /* DateExtensions.swift in Sources */,
				C613CC39209471B500E80820 /* HeroesCollectionPresenterProtocol.swift in Sources */,
				C613CC67209486D000E80820 /* Exception.swift in Sources */,
				C613CC602094801A00E80820 /* Values.swift in Sources */,
				C613CC69209486F600E80820 /* ConnectivityException.swift in Sources */,
				C613CC742094BB2700E80820 /* Hero.swift in Sources */,
				C6CD2B472095D35A008A0503 /* HeroDetailEntity.swift in Sources */,
				C613CC5920947C8700E80820 /* UseCase.swift in Sources */,
				C613CC50209479DD00E80820 /* ApiClientProtocol.swift in Sources */,
				C613CC372094719800E80820 /* HeroesCollectionViewProtocol.swift in Sources */,
				C613CC2F20946DE400E80820 /* HeroesCollectionPresenter.swift in Sources */,
				C613CC3D2094760700E80820 /* LoadHeroesUseCase.swift in Sources */,
				C613CC48209478C600E80820 /* GetHeroesOperation.swift in Sources */,
				C6CD2B372095C58F008A0503 /* HeroDetailPresenter.swift in Sources */,
				C613CC4A209478D800E80820 /* GetHeroesOperationProtocol.swift in Sources */,
				C613CC5C20947CEC00E80820 /* Callback.swift in Sources */,
				C613CC7E20950B7500E80820 /* HeroesCollectionViewCell.swift in Sources */,
				C613CC432094784A00E80820 /* LoadHeroesParams.swift in Sources */,
				C613CC7120948E2300E80820 /* HeroEntity.swift in Sources */,
				C6CD2B452095D278008A0503 /* HeroDetailMapper.swift in Sources */,
				C6CD2B352095C562008A0503 /* HeroDetailViewProtocol.swift in Sources */,
				C613CC5620947B6200E80820 /* BaseUseCase.swift in Sources */,
				C613CC52209479EB00E80820 /* ApiClient.swift in Sources */,
				C613CC5420947A1500E80820 /* BaseClient.swift in Sources */,
				C6CD2B332095C467008A0503 /* HeroDetailViewController.swift in Sources */,
				C613CC2D20946DD600E80820 /* HeroesCollectionViewController.swift in Sources */,
				C6CD2B412095C70D008A0503 /* GetHeroDetailOperationProtocol.swift in Sources */,
				C6CD2AF32095954B008A0503 /* NetworkProvider.swift in Sources */,
				C613CC3120946DF100E80820 /* HeroesCollectionView.swift in Sources */,
				C613CC412094779F00E80820 /* LoadHeroesResult.swift in Sources */,
				C6CD2B432095C73C008A0503 /* GetHeroDetailOperation.swift in Sources */,
				C6CD2B3F2095C6D1008A0503 /* LoadHeroDetailUseCase.swift in Sources */,
				C606F97C20946A02006DEDF8 /* AppDelegate.swift in Sources */,
				C613CC6B2094871C00E80820 /* UnknownException.swift in Sources */,
				C6CD2B3D2095C6AC008A0503 /* LoadHeroDetailParams.swift in Sources */,
				C613CC762094BB7000E80820 /* HeroMapper.swift in Sources */,
				C613CC622094812700E80820 /* Settings.swift in Sources */,
				C6CD2B392095C5DA008A0503 /* HeroDetailPresenterProtocol.swift in Sources */,
				C6CD2B3B2095C689008A0503 /* LoadHeroDetailResult.swift in Sources */,
			);
			runOnlyForDeploymentPostprocessing = 0;
		};
		C606F98820946A0D006DEDF8 /* Sources */ = {
			isa = PBXSourcesBuildPhase;
			buildActionMask = 2147483647;
			files = (
				C6CD2B162095A887008A0503 /* HeroesCollectionPresenterUnitTests.swift in Sources */,
				C6CD2AF52095A817008A0503 /* HeroesCollectionView.swift in Sources */,
				C6CD2AF62095A817008A0503 /* HeroesCollectionViewCell.swift in Sources */,
				C6CD2B2A2095B2BC008A0503 /* LoadHeroesUseCaseUnitTests.swift in Sources */,
				C6CD2AF72095A817008A0503 /* HeroesCollectionViewProtocol.swift in Sources */,
				C6CD2AF82095A817008A0503 /* HeroesCollectionViewController.swift in Sources */,
				C6CD2AF92095A817008A0503 /* HeroesCollectionPresenterProtocol.swift in Sources */,
				C6CD2AFA2095A817008A0503 /* HeroesCollectionPresenter.swift in Sources */,
				C6CD2AFB2095A817008A0503 /* Callback.swift in Sources */,
				C6CD2AFC2095A817008A0503 /* UseCase.swift in Sources */,
				C6CD2AFD2095A817008A0503 /* BaseUseCase.swift in Sources */,
				C6CD2AFE2095A817008A0503 /* LoadHeroesUseCase.swift in Sources */,
				C6CD2AFF2095A817008A0503 /* LoadHeroesResult.swift in Sources */,
				C6CD2B002095A817008A0503 /* LoadHeroesParams.swift in Sources */,
				C6CD2B012095A817008A0503 /* Hero.swift in Sources */,
				C6CD2B022095A817008A0503 /* GetHeroesOperationProtocol.swift in Sources */,
				C6CD2B032095A817008A0503 /* GetHeroesOperation.swift in Sources */,
				C6CD2B2D2095B31E008A0503 /* ApiClientMock.swift in Sources */,
				C6CD2B042095A817008A0503 /* NetworkProvider.swift in Sources */,
				C6CD2B192095AA46008A0503 /* HeroesCollectionViewControllerMock.swift in Sources */,
				C6CD2B052095A817008A0503 /* ApiClientProtocol.swift in Sources */,
				C6CD2B062095A817008A0503 /* BaseClient.swift in Sources */,
				C6CD2B252095AFC7008A0503 /* GetHeroesOperationMock.swift in Sources */,
				C6CD2B072095A817008A0503 /* ApiClient.swift in Sources */,
				C6CD2B082095A817008A0503 /* HeroMapper.swift in Sources */,
				C6CD2B092095A817008A0503 /* HeroEntity.swift in Sources */,
				C6CD2B0A2095A817008A0503 /* DateExtensions.swift in Sources */,
				C6CD2B0B2095A817008A0503 /* Exception.swift in Sources */,
				C6CD2B0C2095A817008A0503 /* ConnectivityException.swift in Sources */,
				C6CD2B0D2095A817008A0503 /* UnknownException.swift in Sources */,
				C6CD2B0E2095A817008A0503 /* Values.swift in Sources */,
				C6CD2B0F2095A817008A0503 /* Settings.swift in Sources */,
			);
			runOnlyForDeploymentPostprocessing = 0;
		};
/* End PBXSourcesBuildPhase section */

/* Begin PBXTargetDependency section */
		C606F98E20946A0D006DEDF8 /* PBXTargetDependency */ = {
			isa = PBXTargetDependency;
			target = C606F97720946A02006DEDF8 /* Marvel Heroes */;
			targetProxy = C606F98D20946A0D006DEDF8 /* PBXContainerItemProxy */;
		};
/* End PBXTargetDependency section */

/* Begin PBXVariantGroup section */
		C606F97F20946A02006DEDF8 /* Main.storyboard */ = {
			isa = PBXVariantGroup;
			children = (
				C606F98020946A02006DEDF8 /* Base */,
			);
			name = Main.storyboard;
			sourceTree = "<group>";
		};
		C606F98420946A0C006DEDF8 /* LaunchScreen.storyboard */ = {
			isa = PBXVariantGroup;
			children = (
				C606F98520946A0C006DEDF8 /* Base */,
			);
			name = LaunchScreen.storyboard;
			sourceTree = "<group>";
		};
/* End PBXVariantGroup section */

/* Begin XCBuildConfiguration section */
		C606F99320946A0D006DEDF8 /* Debug */ = {
			isa = XCBuildConfiguration;
			buildSettings = {
				ALWAYS_SEARCH_USER_PATHS = NO;
				CLANG_ANALYZER_NONNULL = YES;
				CLANG_ANALYZER_NUMBER_OBJECT_CONVERSION = YES_AGGRESSIVE;
				CLANG_CXX_LANGUAGE_STANDARD = "gnu++14";
				CLANG_CXX_LIBRARY = "libc++";
				CLANG_ENABLE_MODULES = YES;
				CLANG_ENABLE_OBJC_ARC = YES;
				CLANG_ENABLE_OBJC_WEAK = YES;
				CLANG_WARN_BLOCK_CAPTURE_AUTORELEASING = YES;
				CLANG_WARN_BOOL_CONVERSION = YES;
				CLANG_WARN_COMMA = YES;
				CLANG_WARN_CONSTANT_CONVERSION = YES;
				CLANG_WARN_DEPRECATED_OBJC_IMPLEMENTATIONS = YES;
				CLANG_WARN_DIRECT_OBJC_ISA_USAGE = YES_ERROR;
				CLANG_WARN_DOCUMENTATION_COMMENTS = YES;
				CLANG_WARN_EMPTY_BODY = YES;
				CLANG_WARN_ENUM_CONVERSION = YES;
				CLANG_WARN_INFINITE_RECURSION = YES;
				CLANG_WARN_INT_CONVERSION = YES;
				CLANG_WARN_NON_LITERAL_NULL_CONVERSION = YES;
				CLANG_WARN_OBJC_IMPLICIT_RETAIN_SELF = YES;
				CLANG_WARN_OBJC_LITERAL_CONVERSION = YES;
				CLANG_WARN_OBJC_ROOT_CLASS = YES_ERROR;
				CLANG_WARN_RANGE_LOOP_ANALYSIS = YES;
				CLANG_WARN_STRICT_PROTOTYPES = YES;
				CLANG_WARN_SUSPICIOUS_MOVE = YES;
				CLANG_WARN_UNGUARDED_AVAILABILITY = YES_AGGRESSIVE;
				CLANG_WARN_UNREACHABLE_CODE = YES;
				CLANG_WARN__DUPLICATE_METHOD_MATCH = YES;
				CODE_SIGN_IDENTITY = "iPhone Developer";
				COPY_PHASE_STRIP = NO;
				DEBUG_INFORMATION_FORMAT = dwarf;
				ENABLE_STRICT_OBJC_MSGSEND = YES;
				ENABLE_TESTABILITY = YES;
				GCC_C_LANGUAGE_STANDARD = gnu11;
				GCC_DYNAMIC_NO_PIC = NO;
				GCC_NO_COMMON_BLOCKS = YES;
				GCC_OPTIMIZATION_LEVEL = 0;
				GCC_PREPROCESSOR_DEFINITIONS = (
					"DEBUG=1",
					"$(inherited)",
				);
				GCC_WARN_64_TO_32_BIT_CONVERSION = YES;
				GCC_WARN_ABOUT_RETURN_TYPE = YES_ERROR;
				GCC_WARN_UNDECLARED_SELECTOR = YES;
				GCC_WARN_UNINITIALIZED_AUTOS = YES_AGGRESSIVE;
				GCC_WARN_UNUSED_FUNCTION = YES;
				GCC_WARN_UNUSED_VARIABLE = YES;
				IPHONEOS_DEPLOYMENT_TARGET = 11.3;
				MTL_ENABLE_DEBUG_INFO = YES;
				ONLY_ACTIVE_ARCH = YES;
				SDKROOT = iphoneos;
				SWIFT_ACTIVE_COMPILATION_CONDITIONS = DEBUG;
				SWIFT_OPTIMIZATION_LEVEL = "-Onone";
			};
			name = Debug;
		};
		C606F99420946A0D006DEDF8 /* Release */ = {
			isa = XCBuildConfiguration;
			buildSettings = {
				ALWAYS_SEARCH_USER_PATHS = NO;
				CLANG_ANALYZER_NONNULL = YES;
				CLANG_ANALYZER_NUMBER_OBJECT_CONVERSION = YES_AGGRESSIVE;
				CLANG_CXX_LANGUAGE_STANDARD = "gnu++14";
				CLANG_CXX_LIBRARY = "libc++";
				CLANG_ENABLE_MODULES = YES;
				CLANG_ENABLE_OBJC_ARC = YES;
				CLANG_ENABLE_OBJC_WEAK = YES;
				CLANG_WARN_BLOCK_CAPTURE_AUTORELEASING = YES;
				CLANG_WARN_BOOL_CONVERSION = YES;
				CLANG_WARN_COMMA = YES;
				CLANG_WARN_CONSTANT_CONVERSION = YES;
				CLANG_WARN_DEPRECATED_OBJC_IMPLEMENTATIONS = YES;
				CLANG_WARN_DIRECT_OBJC_ISA_USAGE = YES_ERROR;
				CLANG_WARN_DOCUMENTATION_COMMENTS = YES;
				CLANG_WARN_EMPTY_BODY = YES;
				CLANG_WARN_ENUM_CONVERSION = YES;
				CLANG_WARN_INFINITE_RECURSION = YES;
				CLANG_WARN_INT_CONVERSION = YES;
				CLANG_WARN_NON_LITERAL_NULL_CONVERSION = YES;
				CLANG_WARN_OBJC_IMPLICIT_RETAIN_SELF = YES;
				CLANG_WARN_OBJC_LITERAL_CONVERSION = YES;
				CLANG_WARN_OBJC_ROOT_CLASS = YES_ERROR;
				CLANG_WARN_RANGE_LOOP_ANALYSIS = YES;
				CLANG_WARN_STRICT_PROTOTYPES = YES;
				CLANG_WARN_SUSPICIOUS_MOVE = YES;
				CLANG_WARN_UNGUARDED_AVAILABILITY = YES_AGGRESSIVE;
				CLANG_WARN_UNREACHABLE_CODE = YES;
				CLANG_WARN__DUPLICATE_METHOD_MATCH = YES;
				CODE_SIGN_IDENTITY = "iPhone Developer";
				COPY_PHASE_STRIP = NO;
				DEBUG_INFORMATION_FORMAT = "dwarf-with-dsym";
				ENABLE_NS_ASSERTIONS = NO;
				ENABLE_STRICT_OBJC_MSGSEND = YES;
				GCC_C_LANGUAGE_STANDARD = gnu11;
				GCC_NO_COMMON_BLOCKS = YES;
				GCC_WARN_64_TO_32_BIT_CONVERSION = YES;
				GCC_WARN_ABOUT_RETURN_TYPE = YES_ERROR;
				GCC_WARN_UNDECLARED_SELECTOR = YES;
				GCC_WARN_UNINITIALIZED_AUTOS = YES_AGGRESSIVE;
				GCC_WARN_UNUSED_FUNCTION = YES;
				GCC_WARN_UNUSED_VARIABLE = YES;
				IPHONEOS_DEPLOYMENT_TARGET = 11.3;
				MTL_ENABLE_DEBUG_INFO = NO;
				SDKROOT = iphoneos;
				SWIFT_COMPILATION_MODE = wholemodule;
				SWIFT_OPTIMIZATION_LEVEL = "-O";
				VALIDATE_PRODUCT = YES;
			};
			name = Release;
		};
		C606F99620946A0D006DEDF8 /* Debug */ = {
			isa = XCBuildConfiguration;
			baseConfigurationReference = 4ECC5B48B1FD2E8BE3E43A76 /* Pods-Marvel Heroes.debug.xcconfig */;
			buildSettings = {
				ASSETCATALOG_COMPILER_APPICON_NAME = AppIcon;
				CODE_SIGN_STYLE = Automatic;
				DEVELOPMENT_TEAM = 2GF85C9B94;
				INFOPLIST_FILE = "Marvel Heroes/Info.plist";
				IPHONEOS_DEPLOYMENT_TARGET = 9.0;
				LD_RUNPATH_SEARCH_PATHS = (
					"$(inherited)",
					"@executable_path/Frameworks",
				);
				PRODUCT_BUNDLE_IDENTIFIER = "com.jordigamez.Marvel-Heroes";
				PRODUCT_NAME = "$(TARGET_NAME)";
				SWIFT_VERSION = 4.0;
				TARGETED_DEVICE_FAMILY = "1,2";
			};
			name = Debug;
		};
		C606F99720946A0D006DEDF8 /* Release */ = {
			isa = XCBuildConfiguration;
			baseConfigurationReference = 613A6404D7B8BD60F7341773 /* Pods-Marvel Heroes.release.xcconfig */;
			buildSettings = {
				ASSETCATALOG_COMPILER_APPICON_NAME = AppIcon;
				CODE_SIGN_STYLE = Automatic;
				DEVELOPMENT_TEAM = 2GF85C9B94;
				INFOPLIST_FILE = "Marvel Heroes/Info.plist";
				IPHONEOS_DEPLOYMENT_TARGET = 9.0;
				LD_RUNPATH_SEARCH_PATHS = (
					"$(inherited)",
					"@executable_path/Frameworks",
				);
				PRODUCT_BUNDLE_IDENTIFIER = "com.jordigamez.Marvel-Heroes";
				PRODUCT_NAME = "$(TARGET_NAME)";
				SWIFT_VERSION = 4.0;
				TARGETED_DEVICE_FAMILY = "1,2";
			};
			name = Release;
		};
		C606F99920946A0D006DEDF8 /* Debug */ = {
			isa = XCBuildConfiguration;
			baseConfigurationReference = 228926A0E9C5DABDF88AFC84 /* Pods-Marvel HeroesTests.debug.xcconfig */;
			buildSettings = {
				ALWAYS_EMBED_SWIFT_STANDARD_LIBRARIES = YES;
				BUNDLE_LOADER = "$(TEST_HOST)";
				CODE_SIGN_STYLE = Automatic;
				DEVELOPMENT_TEAM = 2GF85C9B94;
				INFOPLIST_FILE = "Marvel HeroesTests/Info.plist";
				LD_RUNPATH_SEARCH_PATHS = (
					"$(inherited)",
					"@executable_path/Frameworks",
					"@loader_path/Frameworks",
				);
				PRODUCT_BUNDLE_IDENTIFIER = "com.jordigamez.Marvel-HeroesTests";
				PRODUCT_NAME = "$(TARGET_NAME)";
				SWIFT_VERSION = 4.0;
				TARGETED_DEVICE_FAMILY = "1,2";
				TEST_HOST = "$(BUILT_PRODUCTS_DIR)/Marvel Heroes.app/Marvel Heroes";
			};
			name = Debug;
		};
		C606F99A20946A0D006DEDF8 /* Release */ = {
			isa = XCBuildConfiguration;
			baseConfigurationReference = BB8B98ED72D0F1435C3D6956 /* Pods-Marvel HeroesTests.release.xcconfig */;
			buildSettings = {
				ALWAYS_EMBED_SWIFT_STANDARD_LIBRARIES = YES;
				BUNDLE_LOADER = "$(TEST_HOST)";
				CODE_SIGN_STYLE = Automatic;
				DEVELOPMENT_TEAM = 2GF85C9B94;
				INFOPLIST_FILE = "Marvel HeroesTests/Info.plist";
				LD_RUNPATH_SEARCH_PATHS = (
					"$(inherited)",
					"@executable_path/Frameworks",
					"@loader_path/Frameworks",
				);
				PRODUCT_BUNDLE_IDENTIFIER = "com.jordigamez.Marvel-HeroesTests";
				PRODUCT_NAME = "$(TARGET_NAME)";
				SWIFT_VERSION = 4.0;
				TARGETED_DEVICE_FAMILY = "1,2";
				TEST_HOST = "$(BUILT_PRODUCTS_DIR)/Marvel Heroes.app/Marvel Heroes";
			};
			name = Release;
		};
/* End XCBuildConfiguration section */

/* Begin XCConfigurationList section */
		C606F97320946A02006DEDF8 /* Build configuration list for PBXProject "Marvel Heroes" */ = {
			isa = XCConfigurationList;
			buildConfigurations = (
				C606F99320946A0D006DEDF8 /* Debug */,
				C606F99420946A0D006DEDF8 /* Release */,
			);
			defaultConfigurationIsVisible = 0;
			defaultConfigurationName = Release;
		};
		C606F99520946A0D006DEDF8 /* Build configuration list for PBXNativeTarget "Marvel Heroes" */ = {
			isa = XCConfigurationList;
			buildConfigurations = (
				C606F99620946A0D006DEDF8 /* Debug */,
				C606F99720946A0D006DEDF8 /* Release */,
			);
			defaultConfigurationIsVisible = 0;
			defaultConfigurationName = Release;
		};
		C606F99820946A0D006DEDF8 /* Build configuration list for PBXNativeTarget "Marvel HeroesTests" */ = {
			isa = XCConfigurationList;
			buildConfigurations = (
				C606F99920946A0D006DEDF8 /* Debug */,
				C606F99A20946A0D006DEDF8 /* Release */,
			);
			defaultConfigurationIsVisible = 0;
			defaultConfigurationName = Release;
		};
/* End XCConfigurationList section */
	};
	rootObject = C606F97020946A02006DEDF8 /* Project object */;
}
